
Microsoft Visual Studio Solution File, Format Version 12.00
# Visual Studio Version 17
VisualStudioVersion = 17.8.34309.116
MinimumVisualStudioVersion = 10.0.40219.1
Project("{FAE04EC0-301F-11D3-BF4B-00C04F79EFBC}") = "PlotHider", "PlotHider\PlotHider.csproj", "{9EFB7EFA-5A29-4E87-8623-750BCC978CE1}"
EndProject
Global
	GlobalSection(SolutionConfigurationPlatforms) = preSolution
		Debug|Any CPU = Debug|Any CPU
		Release|Any CPU = Release|Any CPU
	EndGlobalSection
	GlobalSection(ProjectConfigurationPlatforms) = postSolution
		{9EFB7EFA-5A29-4E87-8623-750BCC978CE1}.Debug|Any CPU.ActiveCfg = Debug|Any CPU
		{9EFB7EFA-5A29-4E87-8623-750BCC978CE1}.Debug|Any CPU.Build.0 = Debug|Any CPU
		{9EFB7EFA-5A29-4E87-8623-750BCC978CE1}.Release|Any CPU.ActiveCfg = Release|Any CPU
		{9EFB7EFA-5A29-4E87-8623-750BCC978CE1}.Release|Any CPU.Build.0 = Release|Any CPU
	EndGlobalSection
	GlobalSection(SolutionProperties) = preSolution
		HideSolutionNode = FALSE
	EndGlobalSection
	GlobalSection(ExtensibilityGlobals) = postSolution
		SolutionGuid = {94739B2F-7860-410D-83FD-C28864B94266}
	EndGlobalSection
EndGlobal
